// !$*UTF8*$!
{
	archiveVersion = 1;
	classes = {
	};
	objectVersion = 56;
	objects = {

/* Begin PBXBuildFile section */
		8109D3602BF12575001A4B5E /* ApplicationSettingsView.swift in Sources */ = {isa = PBXBuildFile; fileRef = 8109D35F2BF12575001A4B5E /* ApplicationSettingsView.swift */; };
		8109D3622BF1263C001A4B5E /* AppearanceSettingsView.swift in Sources */ = {isa = PBXBuildFile; fileRef = 8109D3612BF1263C001A4B5E /* AppearanceSettingsView.swift */; };
		8109D3642BF128A8001A4B5E /* Constants.swift in Sources */ = {isa = PBXBuildFile; fileRef = 8109D3632BF128A8001A4B5E /* Constants.swift */; };
		8109D3662BF141B0001A4B5E /* ApplicationSettingsViewModel.swift in Sources */ = {isa = PBXBuildFile; fileRef = 8109D3652BF141B0001A4B5E /* ApplicationSettingsViewModel.swift */; };
		810E8E1A2BE9196500ED561A /* GetConnectedDeviceListUseCase.swift in Sources */ = {isa = PBXBuildFile; fileRef = 810E8E192BE9196500ED561A /* GetConnectedDeviceListUseCase.swift */; };
		810E8E1C2BE92EA800ED561A /* ListFilesUseCase.swift in Sources */ = {isa = PBXBuildFile; fileRef = 810E8E1B2BE92EA800ED561A /* ListFilesUseCase.swift */; };
		810E8E1E2BE92EE600ED561A /* FileExplorerResultModel.swift in Sources */ = {isa = PBXBuildFile; fileRef = 810E8E1D2BE92EE600ED561A /* FileExplorerResultModel.swift */; };
		810E8E202BE9311100ED561A /* FileRepositoryImpl.swift in Sources */ = {isa = PBXBuildFile; fileRef = 810E8E1F2BE9311100ED561A /* FileRepositoryImpl.swift */; };
		810E8E222BE9312B00ED561A /* FileRepository.swift in Sources */ = {isa = PBXBuildFile; fileRef = 810E8E212BE9312B00ED561A /* FileRepository.swift */; };
		811E65042BDE8C16003528B7 /* SideBarItem.swift in Sources */ = {isa = PBXBuildFile; fileRef = 811E65032BDE8C16003528B7 /* SideBarItem.swift */; };
		812399C42BDC3C92004219C9 /* Toast.swift in Sources */ = {isa = PBXBuildFile; fileRef = 812399C32BDC3C92004219C9 /* Toast.swift */; };
		812399C62BDC3CA9004219C9 /* ToastStyle.swift in Sources */ = {isa = PBXBuildFile; fileRef = 812399C52BDC3CA9004219C9 /* ToastStyle.swift */; };
		812399C82BDC3CC7004219C9 /* ToastView.swift in Sources */ = {isa = PBXBuildFile; fileRef = 812399C72BDC3CC7004219C9 /* ToastView.swift */; };
		812399CA2BDC3CE3004219C9 /* ToastModifier.swift in Sources */ = {isa = PBXBuildFile; fileRef = 812399C92BDC3CE3004219C9 /* ToastModifier.swift */; };
		812399CC2BDC3D22004219C9 /* ViewExtensions.swift in Sources */ = {isa = PBXBuildFile; fileRef = 812399CB2BDC3D22004219C9 /* ViewExtensions.swift */; };
		812A62BB2BC6F2FC00388105 /* StringExtensions.swift in Sources */ = {isa = PBXBuildFile; fileRef = 812A62BA2BC6F2FC00388105 /* StringExtensions.swift */; };
		812A62BF2BC708D400388105 /* DeviceInformationModel.swift in Sources */ = {isa = PBXBuildFile; fileRef = 812A62BE2BC708D400388105 /* DeviceInformationModel.swift */; };
		812A62C12BC70C3E00388105 /* IntExtensions.swift in Sources */ = {isa = PBXBuildFile; fileRef = 812A62C02BC70C3E00388105 /* IntExtensions.swift */; };
		812AB6EB2BD3AFFE00DB60A5 /* HomeView.swift in Sources */ = {isa = PBXBuildFile; fileRef = 812AB6EA2BD3AFFE00DB60A5 /* HomeView.swift */; };
		812DC7882BDC047E009B2E87 /* TerminalWindow.swift in Sources */ = {isa = PBXBuildFile; fileRef = 812DC7872BDC047E009B2E87 /* TerminalWindow.swift */; };
		814319502BC6715100044934 /* InstallApplicationView.swift in Sources */ = {isa = PBXBuildFile; fileRef = 8143194F2BC6715100044934 /* InstallApplicationView.swift */; };
		814319522BC6715B00044934 /* InstallApplicationViewModel.swift in Sources */ = {isa = PBXBuildFile; fileRef = 814319512BC6715B00044934 /* InstallApplicationViewModel.swift */; };
		814319562BC6B3C000044934 /* UTTypeExtensions.swift in Sources */ = {isa = PBXBuildFile; fileRef = 814319552BC6B3C000044934 /* UTTypeExtensions.swift */; };
		81600C8F2BC98F65008D471C /* FileRow.swift in Sources */ = {isa = PBXBuildFile; fileRef = 81600C8E2BC98F65008D471C /* FileRow.swift */; };
		8164F8B02BDE40A70097422C /* UniversalFileDocument.swift in Sources */ = {isa = PBXBuildFile; fileRef = 8164F8AF2BDE40A70097422C /* UniversalFileDocument.swift */; };
		816A1D3A2BE8CAA300E7DA71 /* ApplicationRepository.swift in Sources */ = {isa = PBXBuildFile; fileRef = 816A1D392BE8CAA300E7DA71 /* ApplicationRepository.swift */; };
		816A1D3C2BE8CAC300E7DA71 /* ApplicationRepositoryImpl.swift in Sources */ = {isa = PBXBuildFile; fileRef = 816A1D3B2BE8CAC300E7DA71 /* ApplicationRepositoryImpl.swift */; };
		816A1D402BE8CDE000E7DA71 /* InstallApplicationError.swift in Sources */ = {isa = PBXBuildFile; fileRef = 816A1D3F2BE8CDE000E7DA71 /* InstallApplicationError.swift */; };
		816A1D452BE8D3A200E7DA71 /* CircleWavesAnimation.swift in Sources */ = {isa = PBXBuildFile; fileRef = 816A1D442BE8D3A200E7DA71 /* CircleWavesAnimation.swift */; };
		816A1D472BE8F66100E7DA71 /* DeviceRepositoryImpl.swift in Sources */ = {isa = PBXBuildFile; fileRef = 816A1D462BE8F66100E7DA71 /* DeviceRepositoryImpl.swift */; };
		816A1D492BE8F67000E7DA71 /* DeviceRepository.swift in Sources */ = {isa = PBXBuildFile; fileRef = 816A1D482BE8F67000E7DA71 /* DeviceRepository.swift */; };
		8178547E2BC59F6300B5B2EE /* AndroidToolsApp.swift in Sources */ = {isa = PBXBuildFile; fileRef = 8178547D2BC59F6300B5B2EE /* AndroidToolsApp.swift */; };
		817854822BC59F6500B5B2EE /* Assets.xcassets in Resources */ = {isa = PBXBuildFile; fileRef = 817854812BC59F6500B5B2EE /* Assets.xcassets */; };
		817854852BC59F6500B5B2EE /* Preview Assets.xcassets in Resources */ = {isa = PBXBuildFile; fileRef = 817854842BC59F6500B5B2EE /* Preview Assets.xcassets */; };
		817EE8592BC81D4100740D4A /* FileExplorerViewModel.swift in Sources */ = {isa = PBXBuildFile; fileRef = 817EE8582BC81D4100740D4A /* FileExplorerViewModel.swift */; };
		817EE85D2BC8247F00740D4A /* FileItem.swift in Sources */ = {isa = PBXBuildFile; fileRef = 817EE85C2BC8247F00740D4A /* FileItem.swift */; };
		81A067C72BEEBA0100E83DEF /* GetAdbVersionUseCase.swift in Sources */ = {isa = PBXBuildFile; fileRef = 81A067C62BEEBA0100E83DEF /* GetAdbVersionUseCase.swift */; };
		81B7900D2BEBA7E5008E7359 /* LogcatViewModel.swift in Sources */ = {isa = PBXBuildFile; fileRef = 81B7900C2BEBA7E5008E7359 /* LogcatViewModel.swift */; };
		81B7900F2BEBA7F3008E7359 /* LogcatView.swift in Sources */ = {isa = PBXBuildFile; fileRef = 81B7900E2BEBA7F3008E7359 /* LogcatView.swift */; };
		81B790112BEBA9E8008E7359 /* LogEntryModel.swift in Sources */ = {isa = PBXBuildFile; fileRef = 81B790102BEBA9E8008E7359 /* LogEntryModel.swift */; };
		81B790132BEBAA74008E7359 /* LogLevel.swift in Sources */ = {isa = PBXBuildFile; fileRef = 81B790122BEBAA74008E7359 /* LogLevel.swift */; };
		81B790172BEC17B0008E7359 /* LogEntryItem.swift in Sources */ = {isa = PBXBuildFile; fileRef = 81B790162BEC17B0008E7359 /* LogEntryItem.swift */; };
		81B790192BEC1953008E7359 /* LogLevelExtensions.swift in Sources */ = {isa = PBXBuildFile; fileRef = 81B790182BEC1953008E7359 /* LogLevelExtensions.swift */; };
		81C3FEE12BD2E76000E18035 /* SettingsView.swift in Sources */ = {isa = PBXBuildFile; fileRef = 81C3FEE02BD2E76000E18035 /* SettingsView.swift */; };
		81D04F582BCA49C300B04FAB /* FileExplorerItem.swift in Sources */ = {isa = PBXBuildFile; fileRef = 81D04F572BCA49C300B04FAB /* FileExplorerItem.swift */; };
		81D04F5A2BCA4B3400B04FAB /* FolderItem.swift in Sources */ = {isa = PBXBuildFile; fileRef = 81D04F592BCA4B3400B04FAB /* FolderItem.swift */; };
		81E6A7512BC5CC260034EBFB /* MenuView.swift in Sources */ = {isa = PBXBuildFile; fileRef = 81E6A7502BC5CC260034EBFB /* MenuView.swift */; };
		81E6A7592BC5CD9D0034EBFB /* DeviceInformationView.swift in Sources */ = {isa = PBXBuildFile; fileRef = 81E6A7582BC5CD9D0034EBFB /* DeviceInformationView.swift */; };
		81E6A75B2BC5CDC20034EBFB /* FileExplorerView.swift in Sources */ = {isa = PBXBuildFile; fileRef = 81E6A75A2BC5CDC20034EBFB /* FileExplorerView.swift */; };
		81E6A75D2BC5CDFF0034EBFB /* MenuViewModel.swift in Sources */ = {isa = PBXBuildFile; fileRef = 81E6A75C2BC5CDFF0034EBFB /* MenuViewModel.swift */; };
		81E6A75F2BC5D2840034EBFB /* DeviceInformationViewModel.swift in Sources */ = {isa = PBXBuildFile; fileRef = 81E6A75E2BC5D2840034EBFB /* DeviceInformationViewModel.swift */; };
		81E6A7652BC5D7020034EBFB /* AdbHelper.swift in Sources */ = {isa = PBXBuildFile; fileRef = 81E6A7642BC5D7020034EBFB /* AdbHelper.swift */; };
		81E6A7682BC5D7200034EBFB /* DeviceListModel.swift in Sources */ = {isa = PBXBuildFile; fileRef = 81E6A7672BC5D7200034EBFB /* DeviceListModel.swift */; };
		81E9822D2BDD06600004B154 /* InstallApplicationUseCase.swift in Sources */ = {isa = PBXBuildFile; fileRef = 81E9822C2BDD06600004B154 /* InstallApplicationUseCase.swift */; };
		81E9822F2BDD09E70004B154 /* GetDeviceInformationUseCase.swift in Sources */ = {isa = PBXBuildFile; fileRef = 81E9822E2BDD09E70004B154 /* GetDeviceInformationUseCase.swift */; };
		81E982312BDD0F190004B154 /* RebootDeviceUseCase.swift in Sources */ = {isa = PBXBuildFile; fileRef = 81E982302BDD0F190004B154 /* RebootDeviceUseCase.swift */; };
		81E982342BDD2FD10004B154 /* Sparkle in Frameworks */ = {isa = PBXBuildFile; productRef = 81E982332BDD2FD10004B154 /* Sparkle */; };
		81E982372BDD3A740004B154 /* CheckForUpdateViewModel.swift in Sources */ = {isa = PBXBuildFile; fileRef = 81E982362BDD3A740004B154 /* CheckForUpdateViewModel.swift */; };
		81E982392BDD3B480004B154 /* CheckForUpdateView.swift in Sources */ = {isa = PBXBuildFile; fileRef = 81E982382BDD3B480004B154 /* CheckForUpdateView.swift */; };
		81F41C5B2BEA4DF4005F1730 /* TableView.swift in Sources */ = {isa = PBXBuildFile; fileRef = 81F41C5A2BEA4DF4005F1730 /* TableView.swift */; };
		81F41C5D2BEA7B3D005F1730 /* CreateFolderUseCase.swift in Sources */ = {isa = PBXBuildFile; fileRef = 81F41C5C2BEA7B3D005F1730 /* CreateFolderUseCase.swift */; };
		81F41C5F2BEA95FB005F1730 /* DeleteFileItemUseCase.swift in Sources */ = {isa = PBXBuildFile; fileRef = 81F41C5E2BEA95FB005F1730 /* DeleteFileItemUseCase.swift */; };
		81F41C612BEA995D005F1730 /* ImportFileUseCase.swift in Sources */ = {isa = PBXBuildFile; fileRef = 81F41C602BEA995D005F1730 /* ImportFileUseCase.swift */; };
		81F41C632BEAA7B0005F1730 /* GridView.swift in Sources */ = {isa = PBXBuildFile; fileRef = 81F41C622BEAA7B0005F1730 /* GridView.swift */; };
/* End PBXBuildFile section */

/* Begin PBXFileReference section */
		8109D35F2BF12575001A4B5E /* ApplicationSettingsView.swift */ = {isa = PBXFileReference; lastKnownFileType = sourcecode.swift; path = ApplicationSettingsView.swift; sourceTree = "<group>"; };
		8109D3612BF1263C001A4B5E /* AppearanceSettingsView.swift */ = {isa = PBXFileReference; lastKnownFileType = sourcecode.swift; path = AppearanceSettingsView.swift; sourceTree = "<group>"; };
		8109D3632BF128A8001A4B5E /* Constants.swift */ = {isa = PBXFileReference; lastKnownFileType = sourcecode.swift; path = Constants.swift; sourceTree = "<group>"; };
		8109D3652BF141B0001A4B5E /* ApplicationSettingsViewModel.swift */ = {isa = PBXFileReference; lastKnownFileType = sourcecode.swift; path = ApplicationSettingsViewModel.swift; sourceTree = "<group>"; };
		810E8E192BE9196500ED561A /* GetConnectedDeviceListUseCase.swift */ = {isa = PBXFileReference; lastKnownFileType = sourcecode.swift; path = GetConnectedDeviceListUseCase.swift; sourceTree = "<group>"; };
		810E8E1B2BE92EA800ED561A /* ListFilesUseCase.swift */ = {isa = PBXFileReference; lastKnownFileType = sourcecode.swift; path = ListFilesUseCase.swift; sourceTree = "<group>"; };
		810E8E1D2BE92EE600ED561A /* FileExplorerResultModel.swift */ = {isa = PBXFileReference; lastKnownFileType = sourcecode.swift; path = FileExplorerResultModel.swift; sourceTree = "<group>"; };
		810E8E1F2BE9311100ED561A /* FileRepositoryImpl.swift */ = {isa = PBXFileReference; lastKnownFileType = sourcecode.swift; path = FileRepositoryImpl.swift; sourceTree = "<group>"; };
		810E8E212BE9312B00ED561A /* FileRepository.swift */ = {isa = PBXFileReference; lastKnownFileType = sourcecode.swift; path = FileRepository.swift; sourceTree = "<group>"; };
		811E65032BDE8C16003528B7 /* SideBarItem.swift */ = {isa = PBXFileReference; lastKnownFileType = sourcecode.swift; path = SideBarItem.swift; sourceTree = "<group>"; };
		812399C32BDC3C92004219C9 /* Toast.swift */ = {isa = PBXFileReference; lastKnownFileType = sourcecode.swift; path = Toast.swift; sourceTree = "<group>"; };
		812399C52BDC3CA9004219C9 /* ToastStyle.swift */ = {isa = PBXFileReference; lastKnownFileType = sourcecode.swift; path = ToastStyle.swift; sourceTree = "<group>"; };
		812399C72BDC3CC7004219C9 /* ToastView.swift */ = {isa = PBXFileReference; lastKnownFileType = sourcecode.swift; path = ToastView.swift; sourceTree = "<group>"; };
		812399C92BDC3CE3004219C9 /* ToastModifier.swift */ = {isa = PBXFileReference; lastKnownFileType = sourcecode.swift; path = ToastModifier.swift; sourceTree = "<group>"; };
		812399CB2BDC3D22004219C9 /* ViewExtensions.swift */ = {isa = PBXFileReference; lastKnownFileType = sourcecode.swift; path = ViewExtensions.swift; sourceTree = "<group>"; };
		812A62BA2BC6F2FC00388105 /* StringExtensions.swift */ = {isa = PBXFileReference; lastKnownFileType = sourcecode.swift; path = StringExtensions.swift; sourceTree = "<group>"; };
		812A62BE2BC708D400388105 /* DeviceInformationModel.swift */ = {isa = PBXFileReference; lastKnownFileType = sourcecode.swift; path = DeviceInformationModel.swift; sourceTree = "<group>"; };
		812A62C02BC70C3E00388105 /* IntExtensions.swift */ = {isa = PBXFileReference; lastKnownFileType = sourcecode.swift; path = IntExtensions.swift; sourceTree = "<group>"; };
		812AB6EA2BD3AFFE00DB60A5 /* HomeView.swift */ = {isa = PBXFileReference; lastKnownFileType = sourcecode.swift; path = HomeView.swift; sourceTree = "<group>"; };
		812DC7872BDC047E009B2E87 /* TerminalWindow.swift */ = {isa = PBXFileReference; lastKnownFileType = sourcecode.swift; path = TerminalWindow.swift; sourceTree = "<group>"; };
		8143194F2BC6715100044934 /* InstallApplicationView.swift */ = {isa = PBXFileReference; lastKnownFileType = sourcecode.swift; path = InstallApplicationView.swift; sourceTree = "<group>"; };
		814319512BC6715B00044934 /* InstallApplicationViewModel.swift */ = {isa = PBXFileReference; lastKnownFileType = sourcecode.swift; path = InstallApplicationViewModel.swift; sourceTree = "<group>"; };
		814319552BC6B3C000044934 /* UTTypeExtensions.swift */ = {isa = PBXFileReference; lastKnownFileType = sourcecode.swift; path = UTTypeExtensions.swift; sourceTree = "<group>"; };
		814319572BC6B4D900044934 /* Info.plist */ = {isa = PBXFileReference; lastKnownFileType = text.plist; path = Info.plist; sourceTree = "<group>"; };
		81600C8E2BC98F65008D471C /* FileRow.swift */ = {isa = PBXFileReference; lastKnownFileType = sourcecode.swift; path = FileRow.swift; sourceTree = "<group>"; };
		8164F8AF2BDE40A70097422C /* UniversalFileDocument.swift */ = {isa = PBXFileReference; lastKnownFileType = sourcecode.swift; path = UniversalFileDocument.swift; sourceTree = "<group>"; };
		816A1D392BE8CAA300E7DA71 /* ApplicationRepository.swift */ = {isa = PBXFileReference; lastKnownFileType = sourcecode.swift; path = ApplicationRepository.swift; sourceTree = "<group>"; };
		816A1D3B2BE8CAC300E7DA71 /* ApplicationRepositoryImpl.swift */ = {isa = PBXFileReference; lastKnownFileType = sourcecode.swift; path = ApplicationRepositoryImpl.swift; sourceTree = "<group>"; };
		816A1D3F2BE8CDE000E7DA71 /* InstallApplicationError.swift */ = {isa = PBXFileReference; lastKnownFileType = sourcecode.swift; path = InstallApplicationError.swift; sourceTree = "<group>"; };
		816A1D442BE8D3A200E7DA71 /* CircleWavesAnimation.swift */ = {isa = PBXFileReference; lastKnownFileType = sourcecode.swift; path = CircleWavesAnimation.swift; sourceTree = "<group>"; };
		816A1D462BE8F66100E7DA71 /* DeviceRepositoryImpl.swift */ = {isa = PBXFileReference; lastKnownFileType = sourcecode.swift; path = DeviceRepositoryImpl.swift; sourceTree = "<group>"; };
		816A1D482BE8F67000E7DA71 /* DeviceRepository.swift */ = {isa = PBXFileReference; lastKnownFileType = sourcecode.swift; path = DeviceRepository.swift; sourceTree = "<group>"; };
		8178547A2BC59F6300B5B2EE /* AndroidTools.app */ = {isa = PBXFileReference; explicitFileType = wrapper.application; includeInIndex = 0; path = AndroidTools.app; sourceTree = BUILT_PRODUCTS_DIR; };
		8178547D2BC59F6300B5B2EE /* AndroidToolsApp.swift */ = {isa = PBXFileReference; lastKnownFileType = sourcecode.swift; path = AndroidToolsApp.swift; sourceTree = "<group>"; };
		817854812BC59F6500B5B2EE /* Assets.xcassets */ = {isa = PBXFileReference; lastKnownFileType = folder.assetcatalog; path = Assets.xcassets; sourceTree = "<group>"; };
		817854842BC59F6500B5B2EE /* Preview Assets.xcassets */ = {isa = PBXFileReference; lastKnownFileType = folder.assetcatalog; path = "Preview Assets.xcassets"; sourceTree = "<group>"; };
		817854862BC59F6500B5B2EE /* AndroidTools.entitlements */ = {isa = PBXFileReference; lastKnownFileType = text.plist.entitlements; path = AndroidTools.entitlements; sourceTree = "<group>"; };
		817EE8582BC81D4100740D4A /* FileExplorerViewModel.swift */ = {isa = PBXFileReference; lastKnownFileType = sourcecode.swift; path = FileExplorerViewModel.swift; sourceTree = "<group>"; };
		817EE85C2BC8247F00740D4A /* FileItem.swift */ = {isa = PBXFileReference; lastKnownFileType = sourcecode.swift; path = FileItem.swift; sourceTree = "<group>"; };
		81A067C62BEEBA0100E83DEF /* GetAdbVersionUseCase.swift */ = {isa = PBXFileReference; lastKnownFileType = sourcecode.swift; path = GetAdbVersionUseCase.swift; sourceTree = "<group>"; };
		81B7900C2BEBA7E5008E7359 /* LogcatViewModel.swift */ = {isa = PBXFileReference; lastKnownFileType = sourcecode.swift; path = LogcatViewModel.swift; sourceTree = "<group>"; };
		81B7900E2BEBA7F3008E7359 /* LogcatView.swift */ = {isa = PBXFileReference; lastKnownFileType = sourcecode.swift; path = LogcatView.swift; sourceTree = "<group>"; };
		81B790102BEBA9E8008E7359 /* LogEntryModel.swift */ = {isa = PBXFileReference; lastKnownFileType = sourcecode.swift; path = LogEntryModel.swift; sourceTree = "<group>"; };
		81B790122BEBAA74008E7359 /* LogLevel.swift */ = {isa = PBXFileReference; lastKnownFileType = sourcecode.swift; path = LogLevel.swift; sourceTree = "<group>"; };
		81B790162BEC17B0008E7359 /* LogEntryItem.swift */ = {isa = PBXFileReference; lastKnownFileType = sourcecode.swift; path = LogEntryItem.swift; sourceTree = "<group>"; };
		81B790182BEC1953008E7359 /* LogLevelExtensions.swift */ = {isa = PBXFileReference; lastKnownFileType = sourcecode.swift; path = LogLevelExtensions.swift; sourceTree = "<group>"; };
		81C3FEE02BD2E76000E18035 /* SettingsView.swift */ = {isa = PBXFileReference; lastKnownFileType = sourcecode.swift; path = SettingsView.swift; sourceTree = "<group>"; };
		81D04F572BCA49C300B04FAB /* FileExplorerItem.swift */ = {isa = PBXFileReference; lastKnownFileType = sourcecode.swift; path = FileExplorerItem.swift; sourceTree = "<group>"; };
		81D04F592BCA4B3400B04FAB /* FolderItem.swift */ = {isa = PBXFileReference; lastKnownFileType = sourcecode.swift; path = FolderItem.swift; sourceTree = "<group>"; };
		81E6A7502BC5CC260034EBFB /* MenuView.swift */ = {isa = PBXFileReference; lastKnownFileType = sourcecode.swift; path = MenuView.swift; sourceTree = "<group>"; };
		81E6A7582BC5CD9D0034EBFB /* DeviceInformationView.swift */ = {isa = PBXFileReference; lastKnownFileType = sourcecode.swift; path = DeviceInformationView.swift; sourceTree = "<group>"; };
		81E6A75A2BC5CDC20034EBFB /* FileExplorerView.swift */ = {isa = PBXFileReference; lastKnownFileType = sourcecode.swift; path = FileExplorerView.swift; sourceTree = "<group>"; };
		81E6A75C2BC5CDFF0034EBFB /* MenuViewModel.swift */ = {isa = PBXFileReference; lastKnownFileType = sourcecode.swift; path = MenuViewModel.swift; sourceTree = "<group>"; };
		81E6A75E2BC5D2840034EBFB /* DeviceInformationViewModel.swift */ = {isa = PBXFileReference; lastKnownFileType = sourcecode.swift; path = DeviceInformationViewModel.swift; sourceTree = "<group>"; };
		81E6A7642BC5D7020034EBFB /* AdbHelper.swift */ = {isa = PBXFileReference; lastKnownFileType = sourcecode.swift; path = AdbHelper.swift; sourceTree = "<group>"; };
		81E6A7672BC5D7200034EBFB /* DeviceListModel.swift */ = {isa = PBXFileReference; lastKnownFileType = sourcecode.swift; path = DeviceListModel.swift; sourceTree = "<group>"; };
		81E9822C2BDD06600004B154 /* InstallApplicationUseCase.swift */ = {isa = PBXFileReference; lastKnownFileType = sourcecode.swift; path = InstallApplicationUseCase.swift; sourceTree = "<group>"; };
		81E9822E2BDD09E70004B154 /* GetDeviceInformationUseCase.swift */ = {isa = PBXFileReference; lastKnownFileType = sourcecode.swift; path = GetDeviceInformationUseCase.swift; sourceTree = "<group>"; };
		81E982302BDD0F190004B154 /* RebootDeviceUseCase.swift */ = {isa = PBXFileReference; lastKnownFileType = sourcecode.swift; path = RebootDeviceUseCase.swift; sourceTree = "<group>"; };
		81E982362BDD3A740004B154 /* CheckForUpdateViewModel.swift */ = {isa = PBXFileReference; lastKnownFileType = sourcecode.swift; path = CheckForUpdateViewModel.swift; sourceTree = "<group>"; };
		81E982382BDD3B480004B154 /* CheckForUpdateView.swift */ = {isa = PBXFileReference; lastKnownFileType = sourcecode.swift; path = CheckForUpdateView.swift; sourceTree = "<group>"; };
		81F41C5A2BEA4DF4005F1730 /* TableView.swift */ = {isa = PBXFileReference; lastKnownFileType = sourcecode.swift; path = TableView.swift; sourceTree = "<group>"; };
		81F41C5C2BEA7B3D005F1730 /* CreateFolderUseCase.swift */ = {isa = PBXFileReference; lastKnownFileType = sourcecode.swift; path = CreateFolderUseCase.swift; sourceTree = "<group>"; };
		81F41C5E2BEA95FB005F1730 /* DeleteFileItemUseCase.swift */ = {isa = PBXFileReference; lastKnownFileType = sourcecode.swift; path = DeleteFileItemUseCase.swift; sourceTree = "<group>"; };
		81F41C602BEA995D005F1730 /* ImportFileUseCase.swift */ = {isa = PBXFileReference; lastKnownFileType = sourcecode.swift; path = ImportFileUseCase.swift; sourceTree = "<group>"; };
		81F41C622BEAA7B0005F1730 /* GridView.swift */ = {isa = PBXFileReference; lastKnownFileType = sourcecode.swift; path = GridView.swift; sourceTree = "<group>"; };
/* End PBXFileReference section */

/* Begin PBXFrameworksBuildPhase section */
		817854772BC59F6300B5B2EE /* Frameworks */ = {
			isa = PBXFrameworksBuildPhase;
			buildActionMask = 2147483647;
			files = (
				81E982342BDD2FD10004B154 /* Sparkle in Frameworks */,
			);
			runOnlyForDeploymentPostprocessing = 0;
		};
/* End PBXFrameworksBuildPhase section */

/* Begin PBXGroup section */
		814319532BC6B3AC00044934 /* Commons */ = {
			isa = PBXGroup;
			children = (
				81E6A7642BC5D7020034EBFB /* AdbHelper.swift */,
				814319542BC6B3B100044934 /* Extensions */,
				8109D3632BF128A8001A4B5E /* Constants.swift */,
			);
			path = Commons;
			sourceTree = "<group>";
		};
		814319542BC6B3B100044934 /* Extensions */ = {
			isa = PBXGroup;
			children = (
				814319552BC6B3C000044934 /* UTTypeExtensions.swift */,
				812A62BA2BC6F2FC00388105 /* StringExtensions.swift */,
				812A62C02BC70C3E00388105 /* IntExtensions.swift */,
				812399CB2BDC3D22004219C9 /* ViewExtensions.swift */,
				81B790182BEC1953008E7359 /* LogLevelExtensions.swift */,
			);
			path = Extensions;
			sourceTree = "<group>";
		};
		816A1D2C2BE8C70300E7DA71 /* Presentation */ = {
			isa = PBXGroup;
			children = (
				81B7900B2BEBA7D1008E7359 /* Logcat */,
				816A1D372BE8C7FB00E7DA71 /* Menu */,
				81E598B42BC6CA4F00FB614B /* Components */,
				816A1D352BE8C77000E7DA71 /* Settings */,
				816A1D342BE8C74F00E7DA71 /* FileExplorer */,
				816A1D322BE8C73600E7DA71 /* DeviceInformation */,
				816A1D312BE8C73000E7DA71 /* InstallApplication */,
				816A1D302BE8C72800E7DA71 /* Home */,
			);
			path = Presentation;
			sourceTree = "<group>";
		};
		816A1D2D2BE8C70C00E7DA71 /* Domain */ = {
			isa = PBXGroup;
			children = (
				816A1D382BE8CA8B00E7DA71 /* Repositories */,
				81E6A7662BC5D7100034EBFB /* Models */,
				81E9822B2BDD06500004B154 /* UseCases */,
			);
			path = Domain;
			sourceTree = "<group>";
		};
		816A1D2E2BE8C71300E7DA71 /* Data */ = {
			isa = PBXGroup;
			children = (
				816A1D412BE8D2BE00E7DA71 /* Repositories */,
			);
			path = Data;
			sourceTree = "<group>";
		};
		816A1D302BE8C72800E7DA71 /* Home */ = {
			isa = PBXGroup;
			children = (
				812AB6EA2BD3AFFE00DB60A5 /* HomeView.swift */,
			);
			path = Home;
			sourceTree = "<group>";
		};
		816A1D312BE8C73000E7DA71 /* InstallApplication */ = {
			isa = PBXGroup;
			children = (
				8143194F2BC6715100044934 /* InstallApplicationView.swift */,
				814319512BC6715B00044934 /* InstallApplicationViewModel.swift */,
				816A1D442BE8D3A200E7DA71 /* CircleWavesAnimation.swift */,
			);
			path = InstallApplication;
			sourceTree = "<group>";
		};
		816A1D322BE8C73600E7DA71 /* DeviceInformation */ = {
			isa = PBXGroup;
			children = (
				81E6A7582BC5CD9D0034EBFB /* DeviceInformationView.swift */,
				81E6A75E2BC5D2840034EBFB /* DeviceInformationViewModel.swift */,
			);
			path = DeviceInformation;
			sourceTree = "<group>";
		};
		816A1D342BE8C74F00E7DA71 /* FileExplorer */ = {
			isa = PBXGroup;
			children = (
				81E6A75A2BC5CDC20034EBFB /* FileExplorerView.swift */,
				817EE8582BC81D4100740D4A /* FileExplorerViewModel.swift */,
				81F41C5A2BEA4DF4005F1730 /* TableView.swift */,
				81F41C622BEAA7B0005F1730 /* GridView.swift */,
			);
			path = FileExplorer;
			sourceTree = "<group>";
		};
		816A1D352BE8C77000E7DA71 /* Settings */ = {
			isa = PBXGroup;
			children = (
				816A1D362BE8C7AF00E7DA71 /* Updater */,
				81C3FEE02BD2E76000E18035 /* SettingsView.swift */,
				8109D35F2BF12575001A4B5E /* ApplicationSettingsView.swift */,
				8109D3612BF1263C001A4B5E /* AppearanceSettingsView.swift */,
				8109D3652BF141B0001A4B5E /* ApplicationSettingsViewModel.swift */,
			);
			path = Settings;
			sourceTree = "<group>";
		};
		816A1D362BE8C7AF00E7DA71 /* Updater */ = {
			isa = PBXGroup;
			children = (
				81E982362BDD3A740004B154 /* CheckForUpdateViewModel.swift */,
				81E982382BDD3B480004B154 /* CheckForUpdateView.swift */,
			);
			path = Updater;
			sourceTree = "<group>";
		};
		816A1D372BE8C7FB00E7DA71 /* Menu */ = {
			isa = PBXGroup;
			children = (
				81E6A7502BC5CC260034EBFB /* MenuView.swift */,
				81E6A75C2BC5CDFF0034EBFB /* MenuViewModel.swift */,
			);
			path = Menu;
			sourceTree = "<group>";
		};
		816A1D382BE8CA8B00E7DA71 /* Repositories */ = {
			isa = PBXGroup;
			children = (
				816A1D392BE8CAA300E7DA71 /* ApplicationRepository.swift */,
				816A1D482BE8F67000E7DA71 /* DeviceRepository.swift */,
				810E8E212BE9312B00ED561A /* FileRepository.swift */,
			);
			path = Repositories;
			sourceTree = "<group>";
		};
		816A1D3E2BE8CDD200E7DA71 /* Errors */ = {
			isa = PBXGroup;
			children = (
				816A1D3F2BE8CDE000E7DA71 /* InstallApplicationError.swift */,
			);
			path = Errors;
			sourceTree = "<group>";
		};
		816A1D412BE8D2BE00E7DA71 /* Repositories */ = {
			isa = PBXGroup;
			children = (
				816A1D3B2BE8CAC300E7DA71 /* ApplicationRepositoryImpl.swift */,
				816A1D462BE8F66100E7DA71 /* DeviceRepositoryImpl.swift */,
				810E8E1F2BE9311100ED561A /* FileRepositoryImpl.swift */,
			);
			path = Repositories;
			sourceTree = "<group>";
		};
		817854712BC59F6300B5B2EE = {
			isa = PBXGroup;
			children = (
				8178547C2BC59F6300B5B2EE /* AndroidTools */,
				8178547B2BC59F6300B5B2EE /* Products */,
			);
			sourceTree = "<group>";
		};
		8178547B2BC59F6300B5B2EE /* Products */ = {
			isa = PBXGroup;
			children = (
				8178547A2BC59F6300B5B2EE /* AndroidTools.app */,
			);
			name = Products;
			sourceTree = "<group>";
		};
		8178547C2BC59F6300B5B2EE /* AndroidTools */ = {
			isa = PBXGroup;
			children = (
				814319532BC6B3AC00044934 /* Commons */,
				816A1D2E2BE8C71300E7DA71 /* Data */,
				816A1D2D2BE8C70C00E7DA71 /* Domain */,
				816A1D2C2BE8C70300E7DA71 /* Presentation */,
				814319572BC6B4D900044934 /* Info.plist */,
				8178547D2BC59F6300B5B2EE /* AndroidToolsApp.swift */,
				817854812BC59F6500B5B2EE /* Assets.xcassets */,
				817854862BC59F6500B5B2EE /* AndroidTools.entitlements */,
				817854832BC59F6500B5B2EE /* Preview Content */,
			);
			path = AndroidTools;
			sourceTree = "<group>";
		};
		817854832BC59F6500B5B2EE /* Preview Content */ = {
			isa = PBXGroup;
			children = (
				817854842BC59F6500B5B2EE /* Preview Assets.xcassets */,
			);
			path = "Preview Content";
			sourceTree = "<group>";
		};
		81B7900B2BEBA7D1008E7359 /* Logcat */ = {
			isa = PBXGroup;
			children = (
				81B7900C2BEBA7E5008E7359 /* LogcatViewModel.swift */,
				81B7900E2BEBA7F3008E7359 /* LogcatView.swift */,
				81B790162BEC17B0008E7359 /* LogEntryItem.swift */,
			);
			path = Logcat;
			sourceTree = "<group>";
		};
		81E598B42BC6CA4F00FB614B /* Components */ = {
			isa = PBXGroup;
			children = (
				812399C72BDC3CC7004219C9 /* ToastView.swift */,
				81600C8E2BC98F65008D471C /* FileRow.swift */,
				812DC7872BDC047E009B2E87 /* TerminalWindow.swift */,
				811E65032BDE8C16003528B7 /* SideBarItem.swift */,
			);
			path = Components;
			sourceTree = "<group>";
		};
		81E6A7662BC5D7100034EBFB /* Models */ = {
			isa = PBXGroup;
			children = (
				816A1D3E2BE8CDD200E7DA71 /* Errors */,
				81E6A7672BC5D7200034EBFB /* DeviceListModel.swift */,
				812A62BE2BC708D400388105 /* DeviceInformationModel.swift */,
				817EE85C2BC8247F00740D4A /* FileItem.swift */,
				81D04F572BCA49C300B04FAB /* FileExplorerItem.swift */,
				81D04F592BCA4B3400B04FAB /* FolderItem.swift */,
				812399C32BDC3C92004219C9 /* Toast.swift */,
				812399C52BDC3CA9004219C9 /* ToastStyle.swift */,
				812399C92BDC3CE3004219C9 /* ToastModifier.swift */,
				8164F8AF2BDE40A70097422C /* UniversalFileDocument.swift */,
				810E8E1D2BE92EE600ED561A /* FileExplorerResultModel.swift */,
				81B790102BEBA9E8008E7359 /* LogEntryModel.swift */,
				81B790122BEBAA74008E7359 /* LogLevel.swift */,
			);
			path = Models;
			sourceTree = "<group>";
		};
		81E9822B2BDD06500004B154 /* UseCases */ = {
			isa = PBXGroup;
			children = (
				81E9822C2BDD06600004B154 /* InstallApplicationUseCase.swift */,
				81E9822E2BDD09E70004B154 /* GetDeviceInformationUseCase.swift */,
				81E982302BDD0F190004B154 /* RebootDeviceUseCase.swift */,
				810E8E192BE9196500ED561A /* GetConnectedDeviceListUseCase.swift */,
				810E8E1B2BE92EA800ED561A /* ListFilesUseCase.swift */,
				81F41C5C2BEA7B3D005F1730 /* CreateFolderUseCase.swift */,
				81F41C5E2BEA95FB005F1730 /* DeleteFileItemUseCase.swift */,
				81F41C602BEA995D005F1730 /* ImportFileUseCase.swift */,
				81A067C62BEEBA0100E83DEF /* GetAdbVersionUseCase.swift */,
			);
			path = UseCases;
			sourceTree = "<group>";
		};
/* End PBXGroup section */

/* Begin PBXNativeTarget section */
		817854792BC59F6300B5B2EE /* AndroidTools */ = {
			isa = PBXNativeTarget;
			buildConfigurationList = 817854892BC59F6500B5B2EE /* Build configuration list for PBXNativeTarget "AndroidTools" */;
			buildPhases = (
				817854762BC59F6300B5B2EE /* Sources */,
				817854772BC59F6300B5B2EE /* Frameworks */,
				817854782BC59F6300B5B2EE /* Resources */,
			);
			buildRules = (
			);
			dependencies = (
			);
			name = AndroidTools;
			packageProductDependencies = (
				81E982332BDD2FD10004B154 /* Sparkle */,
			);
			productName = AndroidTools;
			productReference = 8178547A2BC59F6300B5B2EE /* AndroidTools.app */;
			productType = "com.apple.product-type.application";
		};
/* End PBXNativeTarget section */

/* Begin PBXProject section */
		817854722BC59F6300B5B2EE /* Project object */ = {
			isa = PBXProject;
			attributes = {
				BuildIndependentTargetsInParallel = 1;
				LastSwiftUpdateCheck = 1500;
				LastUpgradeCheck = 1500;
				TargetAttributes = {
					817854792BC59F6300B5B2EE = {
						CreatedOnToolsVersion = 15.0.1;
					};
				};
			};
			buildConfigurationList = 817854752BC59F6300B5B2EE /* Build configuration list for PBXProject "AndroidTools" */;
			compatibilityVersion = "Xcode 14.0";
			developmentRegion = en;
			hasScannedForEncodings = 0;
			knownRegions = (
				en,
				Base,
			);
			mainGroup = 817854712BC59F6300B5B2EE;
			packageReferences = (
				81E982322BDD2FD10004B154 /* XCRemoteSwiftPackageReference "Sparkle" */,
			);
			productRefGroup = 8178547B2BC59F6300B5B2EE /* Products */;
			projectDirPath = "";
			projectRoot = "";
			targets = (
				817854792BC59F6300B5B2EE /* AndroidTools */,
			);
		};
/* End PBXProject section */

/* Begin PBXResourcesBuildPhase section */
		817854782BC59F6300B5B2EE /* Resources */ = {
			isa = PBXResourcesBuildPhase;
			buildActionMask = 2147483647;
			files = (
				817854852BC59F6500B5B2EE /* Preview Assets.xcassets in Resources */,
				817854822BC59F6500B5B2EE /* Assets.xcassets in Resources */,
			);
			runOnlyForDeploymentPostprocessing = 0;
		};
/* End PBXResourcesBuildPhase section */

/* Begin PBXSourcesBuildPhase section */
		817854762BC59F6300B5B2EE /* Sources */ = {
			isa = PBXSourcesBuildPhase;
			buildActionMask = 2147483647;
			files = (
				81B790172BEC17B0008E7359 /* LogEntryItem.swift in Sources */,
				81E6A7592BC5CD9D0034EBFB /* DeviceInformationView.swift in Sources */,
				81B7900D2BEBA7E5008E7359 /* LogcatViewModel.swift in Sources */,
				814319522BC6715B00044934 /* InstallApplicationViewModel.swift in Sources */,
				8109D3662BF141B0001A4B5E /* ApplicationSettingsViewModel.swift in Sources */,
				814319562BC6B3C000044934 /* UTTypeExtensions.swift in Sources */,
				81E6A7512BC5CC260034EBFB /* MenuView.swift in Sources */,
				816A1D452BE8D3A200E7DA71 /* CircleWavesAnimation.swift in Sources */,
				81E6A75B2BC5CDC20034EBFB /* FileExplorerView.swift in Sources */,
				81E9822F2BDD09E70004B154 /* GetDeviceInformationUseCase.swift in Sources */,
				8109D3642BF128A8001A4B5E /* Constants.swift in Sources */,
				81E6A7652BC5D7020034EBFB /* AdbHelper.swift in Sources */,
				812DC7882BDC047E009B2E87 /* TerminalWindow.swift in Sources */,
				81F41C612BEA995D005F1730 /* ImportFileUseCase.swift in Sources */,
				81B790132BEBAA74008E7359 /* LogLevel.swift in Sources */,
				81E9822D2BDD06600004B154 /* InstallApplicationUseCase.swift in Sources */,
				816A1D3A2BE8CAA300E7DA71 /* ApplicationRepository.swift in Sources */,
				812399C82BDC3CC7004219C9 /* ToastView.swift in Sources */,
				81A067C72BEEBA0100E83DEF /* GetAdbVersionUseCase.swift in Sources */,
				81D04F5A2BCA4B3400B04FAB /* FolderItem.swift in Sources */,
				81F41C5B2BEA4DF4005F1730 /* TableView.swift in Sources */,
				816A1D402BE8CDE000E7DA71 /* InstallApplicationError.swift in Sources */,
				8109D3602BF12575001A4B5E /* ApplicationSettingsView.swift in Sources */,
				81E982392BDD3B480004B154 /* CheckForUpdateView.swift in Sources */,
				810E8E202BE9311100ED561A /* FileRepositoryImpl.swift in Sources */,
				81B790112BEBA9E8008E7359 /* LogEntryModel.swift in Sources */,
				81C3FEE12BD2E76000E18035 /* SettingsView.swift in Sources */,
				81E6A75D2BC5CDFF0034EBFB /* MenuViewModel.swift in Sources */,
				81B7900F2BEBA7F3008E7359 /* LogcatView.swift in Sources */,
				814319502BC6715100044934 /* InstallApplicationView.swift in Sources */,
				81F41C5F2BEA95FB005F1730 /* DeleteFileItemUseCase.swift in Sources */,
				816A1D472BE8F66100E7DA71 /* DeviceRepositoryImpl.swift in Sources */,
				810E8E222BE9312B00ED561A /* FileRepository.swift in Sources */,
				812A62C12BC70C3E00388105 /* IntExtensions.swift in Sources */,
				812399C42BDC3C92004219C9 /* Toast.swift in Sources */,
				812399CA2BDC3CE3004219C9 /* ToastModifier.swift in Sources */,
				81600C8F2BC98F65008D471C /* FileRow.swift in Sources */,
				81B790192BEC1953008E7359 /* LogLevelExtensions.swift in Sources */,
				810E8E1C2BE92EA800ED561A /* ListFilesUseCase.swift in Sources */,
				8178547E2BC59F6300B5B2EE /* AndroidToolsApp.swift in Sources */,
				810E8E1A2BE9196500ED561A /* GetConnectedDeviceListUseCase.swift in Sources */,
				81E6A75F2BC5D2840034EBFB /* DeviceInformationViewModel.swift in Sources */,
				81D04F582BCA49C300B04FAB /* FileExplorerItem.swift in Sources */,
				817EE85D2BC8247F00740D4A /* FileItem.swift in Sources */,
				811E65042BDE8C16003528B7 /* SideBarItem.swift in Sources */,
				816A1D492BE8F67000E7DA71 /* DeviceRepository.swift in Sources */,
				81E982312BDD0F190004B154 /* RebootDeviceUseCase.swift in Sources */,
				817EE8592BC81D4100740D4A /* FileExplorerViewModel.swift in Sources */,
				81E982372BDD3A740004B154 /* CheckForUpdateViewModel.swift in Sources */,
				816A1D3C2BE8CAC300E7DA71 /* ApplicationRepositoryImpl.swift in Sources */,
				81F41C632BEAA7B0005F1730 /* GridView.swift in Sources */,
				812A62BF2BC708D400388105 /* DeviceInformationModel.swift in Sources */,
				810E8E1E2BE92EE600ED561A /* FileExplorerResultModel.swift in Sources */,
				812AB6EB2BD3AFFE00DB60A5 /* HomeView.swift in Sources */,
				812A62BB2BC6F2FC00388105 /* StringExtensions.swift in Sources */,
				812399C62BDC3CA9004219C9 /* ToastStyle.swift in Sources */,
				812399CC2BDC3D22004219C9 /* ViewExtensions.swift in Sources */,
				81F41C5D2BEA7B3D005F1730 /* CreateFolderUseCase.swift in Sources */,
				8164F8B02BDE40A70097422C /* UniversalFileDocument.swift in Sources */,
				81E6A7682BC5D7200034EBFB /* DeviceListModel.swift in Sources */,
				8109D3622BF1263C001A4B5E /* AppearanceSettingsView.swift in Sources */,
			);
			runOnlyForDeploymentPostprocessing = 0;
		};
/* End PBXSourcesBuildPhase section */

/* Begin XCBuildConfiguration section */
		817854872BC59F6500B5B2EE /* Debug */ = {
			isa = XCBuildConfiguration;
			buildSettings = {
				ALWAYS_SEARCH_USER_PATHS = NO;
				ASSETCATALOG_COMPILER_GENERATE_SWIFT_ASSET_SYMBOL_EXTENSIONS = YES;
				CLANG_ANALYZER_NONNULL = YES;
				CLANG_ANALYZER_NUMBER_OBJECT_CONVERSION = YES_AGGRESSIVE;
				CLANG_CXX_LANGUAGE_STANDARD = "gnu++20";
				CLANG_ENABLE_MODULES = YES;
				CLANG_ENABLE_OBJC_ARC = YES;
				CLANG_ENABLE_OBJC_WEAK = YES;
				CLANG_WARN_BLOCK_CAPTURE_AUTORELEASING = YES;
				CLANG_WARN_BOOL_CONVERSION = YES;
				CLANG_WARN_COMMA = YES;
				CLANG_WARN_CONSTANT_CONVERSION = YES;
				CLANG_WARN_DEPRECATED_OBJC_IMPLEMENTATIONS = YES;
				CLANG_WARN_DIRECT_OBJC_ISA_USAGE = YES_ERROR;
				CLANG_WARN_DOCUMENTATION_COMMENTS = YES;
				CLANG_WARN_EMPTY_BODY = YES;
				CLANG_WARN_ENUM_CONVERSION = YES;
				CLANG_WARN_INFINITE_RECURSION = YES;
				CLANG_WARN_INT_CONVERSION = YES;
				CLANG_WARN_NON_LITERAL_NULL_CONVERSION = YES;
				CLANG_WARN_OBJC_IMPLICIT_RETAIN_SELF = YES;
				CLANG_WARN_OBJC_LITERAL_CONVERSION = YES;
				CLANG_WARN_OBJC_ROOT_CLASS = YES_ERROR;
				CLANG_WARN_QUOTED_INCLUDE_IN_FRAMEWORK_HEADER = YES;
				CLANG_WARN_RANGE_LOOP_ANALYSIS = YES;
				CLANG_WARN_STRICT_PROTOTYPES = YES;
				CLANG_WARN_SUSPICIOUS_MOVE = YES;
				CLANG_WARN_UNGUARDED_AVAILABILITY = YES_AGGRESSIVE;
				CLANG_WARN_UNREACHABLE_CODE = YES;
				CLANG_WARN__DUPLICATE_METHOD_MATCH = YES;
				COPY_PHASE_STRIP = NO;
				DEBUG_INFORMATION_FORMAT = dwarf;
				ENABLE_STRICT_OBJC_MSGSEND = YES;
				ENABLE_TESTABILITY = YES;
				ENABLE_USER_SCRIPT_SANDBOXING = NO;
				GCC_C_LANGUAGE_STANDARD = gnu17;
				GCC_DYNAMIC_NO_PIC = NO;
				GCC_NO_COMMON_BLOCKS = YES;
				GCC_OPTIMIZATION_LEVEL = 0;
				GCC_PREPROCESSOR_DEFINITIONS = (
					"DEBUG=1",
					"$(inherited)",
				);
				GCC_WARN_64_TO_32_BIT_CONVERSION = YES;
				GCC_WARN_ABOUT_RETURN_TYPE = YES_ERROR;
				GCC_WARN_UNDECLARED_SELECTOR = YES;
				GCC_WARN_UNINITIALIZED_AUTOS = YES_AGGRESSIVE;
				GCC_WARN_UNUSED_FUNCTION = YES;
				GCC_WARN_UNUSED_VARIABLE = YES;
				LOCALIZATION_PREFERS_STRING_CATALOGS = YES;
				MACOSX_DEPLOYMENT_TARGET = 14.0;
				MTL_ENABLE_DEBUG_INFO = INCLUDE_SOURCE;
				MTL_FAST_MATH = YES;
				ONLY_ACTIVE_ARCH = YES;
				SDKROOT = macosx;
				SWIFT_ACTIVE_COMPILATION_CONDITIONS = "DEBUG $(inherited)";
				SWIFT_OPTIMIZATION_LEVEL = "-Onone";
			};
			name = Debug;
		};
		817854882BC59F6500B5B2EE /* Release */ = {
			isa = XCBuildConfiguration;
			buildSettings = {
				ALWAYS_SEARCH_USER_PATHS = NO;
				ASSETCATALOG_COMPILER_GENERATE_SWIFT_ASSET_SYMBOL_EXTENSIONS = YES;
				CLANG_ANALYZER_NONNULL = YES;
				CLANG_ANALYZER_NUMBER_OBJECT_CONVERSION = YES_AGGRESSIVE;
				CLANG_CXX_LANGUAGE_STANDARD = "gnu++20";
				CLANG_ENABLE_MODULES = YES;
				CLANG_ENABLE_OBJC_ARC = YES;
				CLANG_ENABLE_OBJC_WEAK = YES;
				CLANG_WARN_BLOCK_CAPTURE_AUTORELEASING = YES;
				CLANG_WARN_BOOL_CONVERSION = YES;
				CLANG_WARN_COMMA = YES;
				CLANG_WARN_CONSTANT_CONVERSION = YES;
				CLANG_WARN_DEPRECATED_OBJC_IMPLEMENTATIONS = YES;
				CLANG_WARN_DIRECT_OBJC_ISA_USAGE = YES_ERROR;
				CLANG_WARN_DOCUMENTATION_COMMENTS = YES;
				CLANG_WARN_EMPTY_BODY = YES;
				CLANG_WARN_ENUM_CONVERSION = YES;
				CLANG_WARN_INFINITE_RECURSION = YES;
				CLANG_WARN_INT_CONVERSION = YES;
				CLANG_WARN_NON_LITERAL_NULL_CONVERSION = YES;
				CLANG_WARN_OBJC_IMPLICIT_RETAIN_SELF = YES;
				CLANG_WARN_OBJC_LITERAL_CONVERSION = YES;
				CLANG_WARN_OBJC_ROOT_CLASS = YES_ERROR;
				CLANG_WARN_QUOTED_INCLUDE_IN_FRAMEWORK_HEADER = YES;
				CLANG_WARN_RANGE_LOOP_ANALYSIS = YES;
				CLANG_WARN_STRICT_PROTOTYPES = YES;
				CLANG_WARN_SUSPICIOUS_MOVE = YES;
				CLANG_WARN_UNGUARDED_AVAILABILITY = YES_AGGRESSIVE;
				CLANG_WARN_UNREACHABLE_CODE = YES;
				CLANG_WARN__DUPLICATE_METHOD_MATCH = YES;
				COPY_PHASE_STRIP = NO;
				DEBUG_INFORMATION_FORMAT = "dwarf-with-dsym";
				ENABLE_NS_ASSERTIONS = NO;
				ENABLE_STRICT_OBJC_MSGSEND = YES;
				ENABLE_USER_SCRIPT_SANDBOXING = NO;
				GCC_C_LANGUAGE_STANDARD = gnu17;
				GCC_NO_COMMON_BLOCKS = YES;
				GCC_WARN_64_TO_32_BIT_CONVERSION = YES;
				GCC_WARN_ABOUT_RETURN_TYPE = YES_ERROR;
				GCC_WARN_UNDECLARED_SELECTOR = YES;
				GCC_WARN_UNINITIALIZED_AUTOS = YES_AGGRESSIVE;
				GCC_WARN_UNUSED_FUNCTION = YES;
				GCC_WARN_UNUSED_VARIABLE = YES;
				LOCALIZATION_PREFERS_STRING_CATALOGS = YES;
				MACOSX_DEPLOYMENT_TARGET = 14.0;
				MTL_ENABLE_DEBUG_INFO = NO;
				MTL_FAST_MATH = YES;
				SDKROOT = macosx;
				SWIFT_COMPILATION_MODE = wholemodule;
			};
			name = Release;
		};
		8178548A2BC59F6500B5B2EE /* Debug */ = {
			isa = XCBuildConfiguration;
			buildSettings = {
				ASSETCATALOG_COMPILER_APPICON_NAME = AppIconDark;
				ASSETCATALOG_COMPILER_GLOBAL_ACCENT_COLOR_NAME = AccentColor;
				ASSETCATALOG_COMPILER_INCLUDE_ALL_APPICON_ASSETS = YES;
				CODE_SIGN_ENTITLEMENTS = "";
				"CODE_SIGN_IDENTITY[sdk=macosx*]" = "Apple Development";
				CODE_SIGN_STYLE = Automatic;
				COMBINE_HIDPI_IMAGES = YES;
				CURRENT_PROJECT_VERSION = 4;
				DEVELOPMENT_ASSET_PATHS = "\"AndroidTools/Preview Content\"";
				DEVELOPMENT_TEAM = H9DTPYA8RY;
				ENABLE_HARDENED_RUNTIME = YES;
				ENABLE_PREVIEWS = YES;
				ENABLE_USER_SELECTED_FILES = "";
				GENERATE_INFOPLIST_FILE = YES;
				INFOPLIST_FILE = AndroidTools/Info.plist;
				INFOPLIST_KEY_LSApplicationCategoryType = "public.app-category.developer-tools";
				INFOPLIST_KEY_NSHumanReadableCopyright = "";
				LD_RUNPATH_SEARCH_PATHS = (
					"$(inherited)",
					"@executable_path/../Frameworks",
				);
				MARKETING_VERSION = 1.3.0;
				PRODUCT_BUNDLE_IDENTIFIER = fr.thomasbernard03.AndroidTools;
				PRODUCT_NAME = "$(TARGET_NAME)";
				SWIFT_EMIT_LOC_STRINGS = YES;
				SWIFT_VERSION = 5.0;
			};
			name = Debug;
		};
		8178548B2BC59F6500B5B2EE /* Release */ = {
			isa = XCBuildConfiguration;
			buildSettings = {
				ASSETCATALOG_COMPILER_APPICON_NAME = AppIconDark;
				ASSETCATALOG_COMPILER_GLOBAL_ACCENT_COLOR_NAME = AccentColor;
				ASSETCATALOG_COMPILER_INCLUDE_ALL_APPICON_ASSETS = YES;
				CODE_SIGN_ENTITLEMENTS = "";
				"CODE_SIGN_IDENTITY[sdk=macosx*]" = "Apple Development";
				CODE_SIGN_STYLE = Automatic;
				COMBINE_HIDPI_IMAGES = YES;
				CURRENT_PROJECT_VERSION = 4;
				DEVELOPMENT_ASSET_PATHS = "\"AndroidTools/Preview Content\"";
				DEVELOPMENT_TEAM = H9DTPYA8RY;
				ENABLE_HARDENED_RUNTIME = YES;
				ENABLE_PREVIEWS = YES;
				ENABLE_USER_SELECTED_FILES = "";
				GENERATE_INFOPLIST_FILE = YES;
				INFOPLIST_FILE = AndroidTools/Info.plist;
				INFOPLIST_KEY_LSApplicationCategoryType = "public.app-category.developer-tools";
				INFOPLIST_KEY_NSHumanReadableCopyright = "";
				LD_RUNPATH_SEARCH_PATHS = (
					"$(inherited)",
					"@executable_path/../Frameworks",
				);
				MARKETING_VERSION = 1.3.0;
				PRODUCT_BUNDLE_IDENTIFIER = fr.thomasbernard03.AndroidTools;
				PRODUCT_NAME = "$(TARGET_NAME)";
				SWIFT_EMIT_LOC_STRINGS = YES;
				SWIFT_VERSION = 5.0;
			};
			name = Release;
		};
/* End XCBuildConfiguration section */

/* Begin XCConfigurationList section */
		817854752BC59F6300B5B2EE /* Build configuration list for PBXProject "AndroidTools" */ = {
			isa = XCConfigurationList;
			buildConfigurations = (
				817854872BC59F6500B5B2EE /* Debug */,
				817854882BC59F6500B5B2EE /* Release */,
			);
			defaultConfigurationIsVisible = 0;
			defaultConfigurationName = Release;
		};
		817854892BC59F6500B5B2EE /* Build configuration list for PBXNativeTarget "AndroidTools" */ = {
			isa = XCConfigurationList;
			buildConfigurations = (
				8178548A2BC59F6500B5B2EE /* Debug */,
				8178548B2BC59F6500B5B2EE /* Release */,
			);
			defaultConfigurationIsVisible = 0;
			defaultConfigurationName = Release;
		};
/* End XCConfigurationList section */

/* Begin XCRemoteSwiftPackageReference section */
		81E982322BDD2FD10004B154 /* XCRemoteSwiftPackageReference "Sparkle" */ = {
			isa = XCRemoteSwiftPackageReference;
			repositoryURL = "https://github.com/sparkle-project/Sparkle";
			requirement = {
				kind = upToNextMajorVersion;
				minimumVersion = 2.6.0;
			};
		};
/* End XCRemoteSwiftPackageReference section */

/* Begin XCSwiftPackageProductDependency section */
		81E982332BDD2FD10004B154 /* Sparkle */ = {
			isa = XCSwiftPackageProductDependency;
			package = 81E982322BDD2FD10004B154 /* XCRemoteSwiftPackageReference "Sparkle" */;
			productName = Sparkle;
		};
/* End XCSwiftPackageProductDependency section */
	};
	rootObject = 817854722BC59F6300B5B2EE /* Project object */;
}
