PODS:
  - auto_updater_macos (0.0.1):
    - FlutterMacOS
    - Sparkle
  - bitsdojo_window_macos (0.0.1):
    - FlutterMacOS
  - device_info_plus (0.0.1):
    - FlutterMacOS
  - FlutterMacOS (1.0.0)
  - irondash_engine_context (0.0.1):
    - FlutterMacOS
  - pdfx (1.0.0):
    - FlutterMacOS
  - Sparkle (2.8.1)
  - super_native_extensions (0.0.1):
    - FlutterMacOS

DEPENDENCIES:
  - auto_updater_macos (from `Flutter/ephemeral/.symlinks/plugins/auto_updater_macos/macos`)
  - bitsdojo_window_macos (from `Flutter/ephemeral/.symlinks/plugins/bitsdojo_window_macos/macos`)
  - device_info_plus (from `Flutter/ephemeral/.symlinks/plugins/device_info_plus/macos`)
  - FlutterMacOS (from `Flutter/ephemeral`)
  - irondash_engine_context (from `Flutter/ephemeral/.symlinks/plugins/irondash_engine_context/macos`)
  - pdfx (from `Flutter/ephemeral/.symlinks/plugins/pdfx/macos`)
  - super_native_extensions (from `Flutter/ephemeral/.symlinks/plugins/super_native_extensions/macos`)

SPEC REPOS:
  trunk:
    - Sparkle

EXTERNAL SOURCES:
  auto_updater_macos:
    :path: Flutter/ephemeral/.symlinks/plugins/auto_updater_macos/macos
  bitsdojo_window_macos:
    :path: Flutter/ephemeral/.symlinks/plugins/bitsdojo_window_macos/macos
  device_info_plus:
    :path: Flutter/ephemeral/.symlinks/plugins/device_info_plus/macos
  FlutterMacOS:
    :path: Flutter/ephemeral
  irondash_engine_context:
    :path: Flutter/ephemeral/.symlinks/plugins/irondash_engine_context/macos
  pdfx:
    :path: Flutter/ephemeral/.symlinks/plugins/pdfx/macos
  super_native_extensions:
    :path: Flutter/ephemeral/.symlinks/plugins/super_native_extensions/macos

SPEC CHECKSUMS:
  auto_updater_macos: 3a42f1a06be6981f1a18be37e6e7bf86aa732118
  bitsdojo_window_macos: 7959fb0ca65a3ccda30095c181ecb856fae48ea9
  device_info_plus: a56e6e74dbbd2bb92f2da12c64ddd4f67a749041
  FlutterMacOS: d0db08ddef1a9af05a5ec4b724367152bb0500b1
  irondash_engine_context: 893c7d96d20ce361d7e996f39d360c4c2f9869ba
  pdfx: 1e79f57f7a6ce2f4a4c30f21fa54d3dc82441b51
  Sparkle: a346a4341537c625955751ed3ae4b340b68551fa
  super_native_extensions: c2795d6d9aedf4a79fae25cb6160b71b50549189

PODFILE CHECKSUM: 54d867c82ac51cbd61b565781b9fada492027009

COCOAPODS: 1.16.2
